// !$*UTF8*$!
{
	archiveVersion = 1;
	classes = {
	};
	objectVersion = 46;
	objects = {

/* Begin PBXBuildFile section */
		299E900A1D18393900DFE180 /* AppDelegate.swift in Sources */ = {isa = PBXBuildFile; fileRef = 299E90091D18393900DFE180 /* AppDelegate.swift */; };
		299E900C1D18393900DFE180 /* ViewController.swift in Sources */ = {isa = PBXBuildFile; fileRef = 299E900B1D18393900DFE180 /* ViewController.swift */; };
		299E900F1D18393900DFE180 /* Main.storyboard in Resources */ = {isa = PBXBuildFile; fileRef = 299E900D1D18393900DFE180 /* Main.storyboard */; };
		299E90121D18393900DFE180 /* TextKit.xcdatamodeld in Sources */ = {isa = PBXBuildFile; fileRef = 299E90101D18393900DFE180 /* TextKit.xcdatamodeld */; };
		299E90141D18393900DFE180 /* Assets.xcassets in Resources */ = {isa = PBXBuildFile; fileRef = 299E90131D18393900DFE180 /* Assets.xcassets */; };
		299E90171D18393900DFE180 /* LaunchScreen.storyboard in Resources */ = {isa = PBXBuildFile; fileRef = 299E90151D18393900DFE180 /* LaunchScreen.storyboard */; };
		299E90221D18393900DFE180 /* TextKitTests.swift in Sources */ = {isa = PBXBuildFile; fileRef = 299E90211D18393900DFE180 /* TextKitTests.swift */; };
		299E902D1D18393900DFE180 /* TextKitUITests.swift in Sources */ = {isa = PBXBuildFile; fileRef = 299E902C1D18393900DFE180 /* TextKitUITests.swift */; };
		299E903B1D1839F500DFE180 /* YLLabel.swift in Sources */ = {isa = PBXBuildFile; fileRef = 299E903A1D1839F500DFE180 /* YLLabel.swift */; };
/* End PBXBuildFile section */

/* Begin PBXContainerItemProxy section */
		299E901E1D18393900DFE180 /* PBXContainerItemProxy */ = {
			isa = PBXContainerItemProxy;
			containerPortal = 299E8FFE1D18393900DFE180 /* Project object */;
			proxyType = 1;
			remoteGlobalIDString = 299E90051D18393900DFE180;
			remoteInfo = TextKit;
		};
		299E90291D18393900DFE180 /* PBXContainerItemProxy */ = {
			isa = PBXContainerItemProxy;
			containerPortal = 299E8FFE1D18393900DFE180 /* Project object */;
			proxyType = 1;
			remoteGlobalIDString = 299E90051D18393900DFE180;
			remoteInfo = TextKit;
		};
/* End PBXContainerItemProxy section */

/* Begin PBXFileReference section */
		299E90061D18393900DFE180 /* TextKit.app */ = {isa = PBXFileReference; explicitFileType = wrapper.application; includeInIndex = 0; path = TextKit.app; sourceTree = BUILT_PRODUCTS_DIR; };
		299E90091D18393900DFE180 /* AppDelegate.swift */ = {isa = PBXFileReference; lastKnownFileType = sourcecode.swift; path = AppDelegate.swift; sourceTree = "<group>"; };
		299E900B1D18393900DFE180 /* ViewController.swift */ = {isa = PBXFileReference; lastKnownFileType = sourcecode.swift; path = ViewController.swift; sourceTree = "<group>"; };
		299E900E1D18393900DFE180 /* Base */ = {isa = PBXFileReference; lastKnownFileType = file.storyboard; name = Base; path = Base.lproj/Main.storyboard; sourceTree = "<group>"; };
		299E90111D18393900DFE180 /* TextKit.xcdatamodel */ = {isa = PBXFileReference; lastKnownFileType = wrapper.xcdatamodel; path = TextKit.xcdatamodel; sourceTree = "<group>"; };
		299E90131D18393900DFE180 /* Assets.xcassets */ = {isa = PBXFileReference; lastKnownFileType = folder.assetcatalog; path = Assets.xcassets; sourceTree = "<group>"; };
		299E90161D18393900DFE180 /* Base */ = {isa = PBXFileReference; lastKnownFileType = file.storyboard; name = Base; path = Base.lproj/LaunchScreen.storyboard; sourceTree = "<group>"; };
		299E90181D18393900DFE180 /* Info.plist */ = {isa = PBXFileReference; lastKnownFileType = text.plist.xml; path = Info.plist; sourceTree = "<group>"; };
		299E901D1D18393900DFE180 /* TextKitTests.xctest */ = {isa = PBXFileReference; explicitFileType = wrapper.cfbundle; includeInIndex = 0; path = TextKitTests.xctest; sourceTree = BUILT_PRODUCTS_DIR; };
		299E90211D18393900DFE180 /* TextKitTests.swift */ = {isa = PBXFileReference; lastKnownFileType = sourcecode.swift; path = TextKitTests.swift; sourceTree = "<group>"; };
		299E90231D18393900DFE180 /* Info.plist */ = {isa = PBXFileReference; lastKnownFileType = text.plist.xml; path = Info.plist; sourceTree = "<group>"; };
		299E90281D18393900DFE180 /* TextKitUITests.xctest */ = {isa = PBXFileReference; explicitFileType = wrapper.cfbundle; includeInIndex = 0; path = TextKitUITests.xctest; sourceTree = BUILT_PRODUCTS_DIR; };
		299E902C1D18393900DFE180 /* TextKitUITests.swift */ = {isa = PBXFileReference; lastKnownFileType = sourcecode.swift; path = TextKitUITests.swift; sourceTree = "<group>"; };
		299E902E1D18393900DFE180 /* Info.plist */ = {isa = PBXFileReference; lastKnownFileType = text.plist.xml; path = Info.plist; sourceTree = "<group>"; };
		299E903A1D1839F500DFE180 /* YLLabel.swift */ = {isa = PBXFileReference; fileEncoding = 4; lastKnownFileType = sourcecode.swift; path = YLLabel.swift; sourceTree = "<group>"; };
/* End PBXFileReference section */

/* Begin PBXFrameworksBuildPhase section */
		299E90031D18393900DFE180 /* Frameworks */ = {
			isa = PBXFrameworksBuildPhase;
			buildActionMask = 2147483647;
			files = (
			);
			runOnlyForDeploymentPostprocessing = 0;
		};
		299E901A1D18393900DFE180 /* Frameworks */ = {
			isa = PBXFrameworksBuildPhase;
			buildActionMask = 2147483647;
			files = (
			);
			runOnlyForDeploymentPostprocessing = 0;
		};
		299E90251D18393900DFE180 /* Frameworks */ = {
			isa = PBXFrameworksBuildPhase;
			buildActionMask = 2147483647;
			files = (
			);
			runOnlyForDeploymentPostprocessing = 0;
		};
/* End PBXFrameworksBuildPhase section */

/* Begin PBXGroup section */
		299E8FFD1D18393900DFE180 = {
			isa = PBXGroup;
			children = (
				299E90081D18393900DFE180 /* TextKit */,
				299E90201D18393900DFE180 /* TextKitTests */,
				299E902B1D18393900DFE180 /* TextKitUITests */,
				299E90071D18393900DFE180 /* Products */,
			);
			sourceTree = "<group>";
		};
		299E90071D18393900DFE180 /* Products */ = {
			isa = PBXGroup;
			children = (
				299E90061D18393900DFE180 /* TextKit.app */,
				299E901D1D18393900DFE180 /* TextKitTests.xctest */,
				299E90281D18393900DFE180 /* TextKitUITests.xctest */,
			);
			name = Products;
			sourceTree = "<group>";
		};
		299E90081D18393900DFE180 /* TextKit */ = {
			isa = PBXGroup;
			children = (
				299E90091D18393900DFE180 /* AppDelegate.swift */,
				299E900B1D18393900DFE180 /* ViewController.swift */,
				299E903A1D1839F500DFE180 /* YLLabel.swift */,
				299E900D1D18393900DFE180 /* Main.storyboard */,
				299E90131D18393900DFE180 /* Assets.xcassets */,
				299E90151D18393900DFE180 /* LaunchScreen.storyboard */,
				299E90181D18393900DFE180 /* Info.plist */,
				299E90101D18393900DFE180 /* TextKit.xcdatamodeld */,
			);
			path = TextKit;
			sourceTree = "<group>";
		};
		299E90201D18393900DFE180 /* TextKitTests */ = {
			isa = PBXGroup;
			children = (
				299E90211D18393900DFE180 /* TextKitTests.swift */,
				299E90231D18393900DFE180 /* Info.plist */,
			);
			path = TextKitTests;
			sourceTree = "<group>";
		};
		299E902B1D18393900DFE180 /* TextKitUITests */ = {
			isa = PBXGroup;
			children = (
				299E902C1D18393900DFE180 /* TextKitUITests.swift */,
				299E902E1D18393900DFE180 /* Info.plist */,
			);
			path = TextKitUITests;
			sourceTree = "<group>";
		};
/* End PBXGroup section */

/* Begin PBXNativeTarget section */
		299E90051D18393900DFE180 /* TextKit */ = {
			isa = PBXNativeTarget;
			buildConfigurationList = 299E90311D18393900DFE180 /* Build configuration list for PBXNativeTarget "TextKit" */;
			buildPhases = (
				299E90021D18393900DFE180 /* Sources */,
				299E90031D18393900DFE180 /* Frameworks */,
				299E90041D18393900DFE180 /* Resources */,
			);
			buildRules = (
			);
			dependencies = (
			);
			name = TextKit;
			productName = TextKit;
			productReference = 299E90061D18393900DFE180 /* TextKit.app */;
			productType = "com.apple.product-type.application";
		};
		299E901C1D18393900DFE180 /* TextKitTests */ = {
			isa = PBXNativeTarget;
			buildConfigurationList = 299E90341D18393900DFE180 /* Build configuration list for PBXNativeTarget "TextKitTests" */;
			buildPhases = (
				299E90191D18393900DFE180 /* Sources */,
				299E901A1D18393900DFE180 /* Frameworks */,
				299E901B1D18393900DFE180 /* Resources */,
			);
			buildRules = (
			);
			dependencies = (
				299E901F1D18393900DFE180 /* PBXTargetDependency */,
			);
			name = TextKitTests;
			productName = TextKitTests;
			productReference = 299E901D1D18393900DFE180 /* TextKitTests.xctest */;
			productType = "com.apple.product-type.bundle.unit-test";
		};
		299E90271D18393900DFE180 /* TextKitUITests */ = {
			isa = PBXNativeTarget;
			buildConfigurationList = 299E90371D18393900DFE180 /* Build configuration list for PBXNativeTarget "TextKitUITests" */;
			buildPhases = (
				299E90241D18393900DFE180 /* Sources */,
				299E90251D18393900DFE180 /* Frameworks */,
				299E90261D18393900DFE180 /* Resources */,
			);
			buildRules = (
			);
			dependencies = (
				299E902A1D18393900DFE180 /* PBXTargetDependency */,
			);
			name = TextKitUITests;
			productName = TextKitUITests;
			productReference = 299E90281D18393900DFE180 /* TextKitUITests.xctest */;
			productType = "com.apple.product-type.bundle.ui-testing";
		};
/* End PBXNativeTarget section */

/* Begin PBXProject section */
		299E8FFE1D18393900DFE180 /* Project object */ = {
			isa = PBXProject;
			attributes = {
				LastSwiftUpdateCheck = 0730;
				LastUpgradeCheck = 0730;
				ORGANIZATIONNAME = "余亮";
				TargetAttributes = {
					299E90051D18393900DFE180 = {
						CreatedOnToolsVersion = 7.3.1;
					};
					299E901C1D18393900DFE180 = {
						CreatedOnToolsVersion = 7.3.1;
						TestTargetID = 299E90051D18393900DFE180;
					};
					299E90271D18393900DFE180 = {
						CreatedOnToolsVersion = 7.3.1;
						TestTargetID = 299E90051D18393900DFE180;
					};
				};
			};
			buildConfigurationList = 299E90011D18393900DFE180 /* Build configuration list for PBXProject "TextKit" */;
			compatibilityVersion = "Xcode 3.2";
			developmentRegion = English;
			hasScannedForEncodings = 0;
			knownRegions = (
				en,
				Base,
			);
			mainGroup = 299E8FFD1D18393900DFE180;
			productRefGroup = 299E90071D18393900DFE180 /* Products */;
			projectDirPath = "";
			projectRoot = "";
			targets = (
				299E90051D18393900DFE180 /* TextKit */,
				299E901C1D18393900DFE180 /* TextKitTests */,
				299E90271D18393900DFE180 /* TextKitUITests */,
			);
		};
/* End PBXProject section */

/* Begin PBXResourcesBuildPhase section */
		299E90041D18393900DFE180 /* Resources */ = {
			isa = PBXResourcesBuildPhase;
			buildActionMask = 2147483647;
			files = (
				299E90171D18393900DFE180 /* LaunchScreen.storyboard in Resources */,
				299E90141D18393900DFE180 /* Assets.xcassets in Resources */,
				299E900F1D18393900DFE180 /* Main.storyboard in Resources */,
			);
			runOnlyForDeploymentPostprocessing = 0;
		};
		299E901B1D18393900DFE180 /* Resources */ = {
			isa = PBXResourcesBuildPhase;
			buildActionMask = 2147483647;
			files = (
			);
			runOnlyForDeploymentPostprocessing = 0;
		};
		299E90261D18393900DFE180 /* Resources */ = {
			isa = PBXResourcesBuildPhase;
			buildActionMask = 2147483647;
			files = (
			);
			runOnlyForDeploymentPostprocessing = 0;
		};
/* End PBXResourcesBuildPhase section */

/* Begin PBXSourcesBuildPhase section */
		299E90021D18393900DFE180 /* Sources */ = {
			isa = PBXSourcesBuildPhase;
			buildActionMask = 2147483647;
			files = (
				299E90121D18393900DFE180 /* TextKit.xcdatamodeld in Sources */,
				299E903B1D1839F500DFE180 /* YLLabel.swift in Sources */,
				299E900C1D18393900DFE180 /* ViewController.swift in Sources */,
				299E900A1D18393900DFE180 /* AppDelegate.swift in Sources */,
			);
			runOnlyForDeploymentPostprocessing = 0;
		};
		299E90191D18393900DFE180 /* Sources */ = {
			isa = PBXSourcesBuildPhase;
			buildActionMask = 2147483647;
			files = (
				299E90221D18393900DFE180 /* TextKitTests.swift in Sources */,
			);
			runOnlyForDeploymentPostprocessing = 0;
		};
		299E90241D18393900DFE180 /* Sources */ = {
			isa = PBXSourcesBuildPhase;
			buildActionMask = 2147483647;
			files = (
				299E902D1D18393900DFE180 /* TextKitUITests.swift in Sources */,
			);
			runOnlyForDeploymentPostprocessing = 0;
		};
/* End PBXSourcesBuildPhase section */

/* Begin PBXTargetDependency section */
		299E901F1D18393900DFE180 /* PBXTargetDependency */ = {
			isa = PBXTargetDependency;
			target = 299E90051D18393900DFE180 /* TextKit */;
			targetProxy = 299E901E1D18393900DFE180 /* PBXContainerItemProxy */;
		};
		299E902A1D18393900DFE180 /* PBXTargetDependency */ = {
			isa = PBXTargetDependency;
			target = 299E90051D18393900DFE180 /* TextKit */;
			targetProxy = 299E90291D18393900DFE180 /* PBXContainerItemProxy */;
		};
/* End PBXTargetDependency section */

/* Begin PBXVariantGroup section */
		299E900D1D18393900DFE180 /* Main.storyboard */ = {
			isa = PBXVariantGroup;
			children = (
				299E900E1D18393900DFE180 /* Base */,
			);
			name = Main.storyboard;
			sourceTree = "<group>";
		};
		299E90151D18393900DFE180 /* LaunchScreen.storyboard */ = {
			isa = PBXVariantGroup;
			children = (
				299E90161D18393900DFE180 /* Base */,
			);
			name = LaunchScreen.storyboard;
			sourceTree = "<group>";
		};
/* End PBXVariantGroup section */

/* Begin XCBuildConfiguration section */
		299E902F1D18393900DFE180 /* Debug */ = {
			isa = XCBuildConfiguration;
			buildSettings = {
				ALWAYS_SEARCH_USER_PATHS = NO;
				CLANG_ANALYZER_NONNULL = YES;
				CLANG_CXX_LANGUAGE_STANDARD = "gnu++0x";
				CLANG_CXX_LIBRARY = "libc++";
				CLANG_ENABLE_MODULES = YES;
				CLANG_ENABLE_OBJC_ARC = YES;
				CLANG_WARN_BOOL_CONVERSION = YES;
				CLANG_WARN_CONSTANT_CONVERSION = YES;
				CLANG_WARN_DIRECT_OBJC_ISA_USAGE = YES_ERROR;
				CLANG_WARN_EMPTY_BODY = YES;
				CLANG_WARN_ENUM_CONVERSION = YES;
				CLANG_WARN_INT_CONVERSION = YES;
				CLANG_WARN_OBJC_ROOT_CLASS = YES_ERROR;
				CLANG_WARN_UNREACHABLE_CODE = YES;
				CLANG_WARN__DUPLICATE_METHOD_MATCH = YES;
				"CODE_SIGN_IDENTITY[sdk=iphoneos*]" = "iPhone Developer";
				COPY_PHASE_STRIP = NO;
				DEBUG_INFORMATION_FORMAT = dwarf;
				ENABLE_STRICT_OBJC_MSGSEND = YES;
				ENABLE_TESTABILITY = YES;
				GCC_C_LANGUAGE_STANDARD = gnu99;
				GCC_DYNAMIC_NO_PIC = NO;
				GCC_NO_COMMON_BLOCKS = YES;
				GCC_OPTIMIZATION_LEVEL = 0;
				GCC_PREPROCESSOR_DEFINITIONS = (
					"DEBUG=1",
					"$(inherited)",
				);
				GCC_WARN_64_TO_32_BIT_CONVERSION = YES;
				GCC_WARN_ABOUT_RETURN_TYPE = YES_ERROR;
				GCC_WARN_UNDECLARED_SELECTOR = YES;
				GCC_WARN_UNINITIALIZED_AUTOS = YES_AGGRESSIVE;
				GCC_WARN_UNUSED_FUNCTION = YES;
				GCC_WARN_UNUSED_VARIABLE = YES;
				IPHONEOS_DEPLOYMENT_TARGET = 9.3;
				MTL_ENABLE_DEBUG_INFO = YES;
				ONLY_ACTIVE_ARCH = YES;
				SDKROOT = iphoneos;
				SWIFT_OPTIMIZATION_LEVEL = "-Onone";
			};
			name = Debug;
		};
		299E90301D18393900DFE180 /* Release */ = {
			isa = XCBuildConfiguration;
			buildSettings = {
				ALWAYS_SEARCH_USER_PATHS = NO;
				CLANG_ANALYZER_NONNULL = YES;
				CLANG_CXX_LANGUAGE_STANDARD = "gnu++0x";
				CLANG_CXX_LIBRARY = "libc++";
				CLANG_ENABLE_MODULES = YES;
				CLANG_ENABLE_OBJC_ARC = YES;
				CLANG_WARN_BOOL_CONVERSION = YES;
				CLANG_WARN_CONSTANT_CONVERSION = YES;
				CLANG_WARN_DIRECT_OBJC_ISA_USAGE = YES_ERROR;
				CLANG_WARN_EMPTY_BODY = YES;
				CLANG_WARN_ENUM_CONVERSION = YES;
				CLANG_WARN_INT_CONVERSION = YES;
				CLANG_WARN_OBJC_ROOT_CLASS = YES_ERROR;
				CLANG_WARN_UNREACHABLE_CODE = YES;
				CLANG_WARN__DUPLICATE_METHOD_MATCH = YES;
				"CODE_SIGN_IDENTITY[sdk=iphoneos*]" = "iPhone Developer";
				COPY_PHASE_STRIP = NO;
				DEBUG_INFORMATION_FORMAT = "dwarf-with-dsym";
				ENABLE_NS_ASSERTIONS = NO;
				ENABLE_STRICT_OBJC_MSGSEND = YES;
				GCC_C_LANGUAGE_STANDARD = gnu99;
				GCC_NO_COMMON_BLOCKS = YES;
				GCC_WARN_64_TO_32_BIT_CONVERSION = YES;
				GCC_WARN_ABOUT_RETURN_TYPE = YES_ERROR;
				GCC_WARN_UNDECLARED_SELECTOR = YES;
				GCC_WARN_UNINITIALIZED_AUTOS = YES_AGGRESSIVE;
				GCC_WARN_UNUSED_FUNCTION = YES;
				GCC_WARN_UNUSED_VARIABLE = YES;
				IPHONEOS_DEPLOYMENT_TARGET = 9.3;
				MTL_ENABLE_DEBUG_INFO = NO;
				SDKROOT = iphoneos;
				VALIDATE_PRODUCT = YES;
			};
			name = Release;
		};
		299E90321D18393900DFE180 /* Debug */ = {
			isa = XCBuildConfiguration;
			buildSettings = {
				ASSETCATALOG_COMPILER_APPICON_NAME = AppIcon;
				INFOPLIST_FILE = TextKit/Info.plist;
				LD_RUNPATH_SEARCH_PATHS = "$(inherited) @executable_path/Frameworks";
				PRODUCT_BUNDLE_IDENTIFIER = com.yuliang.TextKit;
				PRODUCT_NAME = "$(TARGET_NAME)";
			};
			name = Debug;
		};
		299E90331D18393900DFE180 /* Release */ = {
			isa = XCBuildConfiguration;
			buildSettings = {
				ASSETCATALOG_COMPILER_APPICON_NAME = AppIcon;
				INFOPLIST_FILE = TextKit/Info.plist;
				LD_RUNPATH_SEARCH_PATHS = "$(inherited) @executable_path/Frameworks";
				PRODUCT_BUNDLE_IDENTIFIER = com.yuliang.TextKit;
				PRODUCT_NAME = "$(TARGET_NAME)";
			};
			name = Release;
		};
		299E90351D18393900DFE180 /* Debug */ = {
			isa = XCBuildConfiguration;
			buildSettings = {
				BUNDLE_LOADER = "$(TEST_HOST)";
				INFOPLIST_FILE = TextKitTests/Info.plist;
				LD_RUNPATH_SEARCH_PATHS = "$(inherited) @executable_path/Frameworks @loader_path/Frameworks";
				PRODUCT_BUNDLE_IDENTIFIER = com.yuliang.TextKitTests;
				PRODUCT_NAME = "$(TARGET_NAME)";
				TEST_HOST = "$(BUILT_PRODUCTS_DIR)/TextKit.app/TextKit";
			};
			name = Debug;
		};
		299E90361D18393900DFE180 /* Release */ = {
			isa = XCBuildConfiguration;
			buildSettings = {
				BUNDLE_LOADER = "$(TEST_HOST)";
				INFOPLIST_FILE = TextKitTests/Info.plist;
				LD_RUNPATH_SEARCH_PATHS = "$(inherited) @executable_path/Frameworks @loader_path/Frameworks";
				PRODUCT_BUNDLE_IDENTIFIER = com.yuliang.TextKitTests;
				PRODUCT_NAME = "$(TARGET_NAME)";
				TEST_HOST = "$(BUILT_PRODUCTS_DIR)/TextKit.app/TextKit";
			};
			name = Release;
		};
		299E90381D18393900DFE180 /* Debug */ = {
			isa = XCBuildConfiguration;
			buildSettings = {
				INFOPLIST_FILE = TextKitUITests/Info.plist;
				LD_RUNPATH_SEARCH_PATHS = "$(inherited) @executable_path/Frameworks @loader_path/Frameworks";
				PRODUCT_BUNDLE_IDENTIFIER = com.yuliang.TextKitUITests;
				PRODUCT_NAME = "$(TARGET_NAME)";
				TEST_TARGET_NAME = TextKit;
			};
			name = Debug;
		};
		299E90391D18393900DFE180 /* Release */ = {
			isa = XCBuildConfiguration;
			buildSettings = {
				INFOPLIST_FILE = TextKitUITests/Info.plist;
				LD_RUNPATH_SEARCH_PATHS = "$(inherited) @executable_path/Frameworks @loader_path/Frameworks";
				PRODUCT_BUNDLE_IDENTIFIER = com.yuliang.TextKitUITests;
				PRODUCT_NAME = "$(TARGET_NAME)";
				TEST_TARGET_NAME = TextKit;
			};
			name = Release;
		};
/* End XCBuildConfiguration section */

/* Begin XCConfigurationList section */
		299E90011D18393900DFE180 /* Build configuration list for PBXProject "TextKit" */ = {
			isa = XCConfigurationList;
			buildConfigurations = (
				299E902F1D18393900DFE180 /* Debug */,
				299E90301D18393900DFE180 /* Release */,
			);
			defaultConfigurationIsVisible = 0;
			defaultConfigurationName = Release;
		};
		299E90311D18393900DFE180 /* Build configuration list for PBXNativeTarget "TextKit" */ = {
			isa = XCConfigurationList;
			buildConfigurations = (
				299E90321D18393900DFE180 /* Debug */,
				299E90331D18393900DFE180 /* Release */,
			);
			defaultConfigurationIsVisible = 0;
		};
		299E90341D18393900DFE180 /* Build configuration list for PBXNativeTarget "TextKitTests" */ = {
			isa = XCConfigurationList;
			buildConfigurations = (
				299E90351D18393900DFE180 /* Debug */,
				299E90361D18393900DFE180 /* Release */,
			);
			defaultConfigurationIsVisible = 0;
		};
		299E90371D18393900DFE180 /* Build configuration list for PBXNativeTarget "TextKitUITests" */ = {
			isa = XCConfigurationList;
			buildConfigurations = (
				299E90381D18393900DFE180 /* Debug */,
				299E90391D18393900DFE180 /* Release */,
			);
			defaultConfigurationIsVisible = 0;
		};
/* End XCConfigurationList section */

/* Begin XCVersionGroup section */
		299E90101D18393900DFE180 /* TextKit.xcdatamodeld */ = {
			isa = XCVersionGroup;
			children = (
				299E90111D18393900DFE180 /* TextKit.xcdatamodel */,
			);
			currentVersion = 299E90111D18393900DFE180 /* TextKit.xcdatamodel */;
			path = TextKit.xcdatamodeld;
			sourceTree = "<group>";
			versionGroupType = wrapper.xcdatamodel;
		};
/* End XCVersionGroup section */
	};
	rootObject = 299E8FFE1D18393900DFE180 /* Project object */;
}
